# THIS IS AN AUTOGENERATED FILE. DO NOT EDIT THIS FILE DIRECTLY.
# yarn lockfile v1


todomvc-app-css@^2.0.0:
  version "2.1.1"
  resolved "https://registry.yarnpkg.com/todomvc-app-css/-/todomvc-app-css-2.1.1.tgz#1f6b7a8d826836317478ee6e17bd8a5de2df4551"

todomvc-common@^1.0.0:
  version "1.0.5"
  resolved "https://registry.yarnpkg.com/todomvc-common/-/todomvc-common-1.0.5.tgz#8c3e799ac9f1fc1573e0c204f984510826914730"
